// !$*UTF8*$!
{
	archiveVersion = 1;
	classes = {
	};
	objectVersion = 56;
	objects = {

/* Begin PBXBuildFile section */
		5303E3A32AFADF6100C5B254 /* FocusFarmSwiftUIApp.swift in Sources */ = {isa = PBXBuildFile; fileRef = 5303E3A22AFADF6100C5B254 /* FocusFarmSwiftUIApp.swift */; };
		5303E3A52AFADF6100C5B254 /* ContentView.swift in Sources */ = {isa = PBXBuildFile; fileRef = 5303E3A42AFADF6100C5B254 /* ContentView.swift */; };
		5303E3A72AFADF6200C5B254 /* Assets.xcassets in Resources */ = {isa = PBXBuildFile; fileRef = 5303E3A62AFADF6200C5B254 /* Assets.xcassets */; };
		5303E3AA2AFADF6200C5B254 /* Preview Assets.xcassets in Resources */ = {isa = PBXBuildFile; fileRef = 5303E3A92AFADF6200C5B254 /* Preview Assets.xcassets */; };
		5303E3B42AFADF6200C5B254 /* FocusFarmSwiftUITests.swift in Sources */ = {isa = PBXBuildFile; fileRef = 5303E3B32AFADF6200C5B254 /* FocusFarmSwiftUITests.swift */; };
		5303E3BE2AFADF6200C5B254 /* FocusFarmSwiftUIUITests.swift in Sources */ = {isa = PBXBuildFile; fileRef = 5303E3BD2AFADF6200C5B254 /* FocusFarmSwiftUIUITests.swift */; };
		5303E3C02AFADF6200C5B254 /* FocusFarmSwiftUIUITestsLaunchTests.swift in Sources */ = {isa = PBXBuildFile; fileRef = 5303E3BF2AFADF6200C5B254 /* FocusFarmSwiftUIUITestsLaunchTests.swift */; };
/* End PBXBuildFile section */

/* Begin PBXContainerItemProxy section */
		5303E3B02AFADF6200C5B254 /* PBXContainerItemProxy */ = {
			isa = PBXContainerItemProxy;
			containerPortal = 5303E3972AFADF6100C5B254 /* Project object */;
			proxyType = 1;
			remoteGlobalIDString = 5303E39E2AFADF6100C5B254;
			remoteInfo = FocusFarmSwiftUI;
		};
		5303E3BA2AFADF6200C5B254 /* PBXContainerItemProxy */ = {
			isa = PBXContainerItemProxy;
			containerPortal = 5303E3972AFADF6100C5B254 /* Project object */;
			proxyType = 1;
			remoteGlobalIDString = 5303E39E2AFADF6100C5B254;
			remoteInfo = FocusFarmSwiftUI;
		};
/* End PBXContainerItemProxy section */

/* Begin PBXFileReference section */
		5303E39F2AFADF6100C5B254 /* FocusFarmSwiftUI.app */ = {isa = PBXFileReference; explicitFileType = wrapper.application; includeInIndex = 0; path = FocusFarmSwiftUI.app; sourceTree = BUILT_PRODUCTS_DIR; };
		5303E3A22AFADF6100C5B254 /* FocusFarmSwiftUIApp.swift */ = {isa = PBXFileReference; lastKnownFileType = sourcecode.swift; path = FocusFarmSwiftUIApp.swift; sourceTree = "<group>"; };
		5303E3A42AFADF6100C5B254 /* ContentView.swift */ = {isa = PBXFileReference; lastKnownFileType = sourcecode.swift; path = ContentView.swift; sourceTree = "<group>"; };
		5303E3A62AFADF6200C5B254 /* Assets.xcassets */ = {isa = PBXFileReference; lastKnownFileType = folder.assetcatalog; path = Assets.xcassets; sourceTree = "<group>"; };
		5303E3A92AFADF6200C5B254 /* Preview Assets.xcassets */ = {isa = PBXFileReference; lastKnownFileType = folder.assetcatalog; path = "Preview Assets.xcassets"; sourceTree = "<group>"; };
		5303E3AF2AFADF6200C5B254 /* FocusFarmSwiftUITests.xctest */ = {isa = PBXFileReference; explicitFileType = wrapper.cfbundle; includeInIndex = 0; path = FocusFarmSwiftUITests.xctest; sourceTree = BUILT_PRODUCTS_DIR; };
		5303E3B32AFADF6200C5B254 /* FocusFarmSwiftUITests.swift */ = {isa = PBXFileReference; lastKnownFileType = sourcecode.swift; path = FocusFarmSwiftUITests.swift; sourceTree = "<group>"; };
		5303E3B92AFADF6200C5B254 /* FocusFarmSwiftUIUITests.xctest */ = {isa = PBXFileReference; explicitFileType = wrapper.cfbundle; includeInIndex = 0; path = FocusFarmSwiftUIUITests.xctest; sourceTree = BUILT_PRODUCTS_DIR; };
		5303E3BD2AFADF6200C5B254 /* FocusFarmSwiftUIUITests.swift */ = {isa = PBXFileReference; lastKnownFileType = sourcecode.swift; path = FocusFarmSwiftUIUITests.swift; sourceTree = "<group>"; };
		5303E3BF2AFADF6200C5B254 /* FocusFarmSwiftUIUITestsLaunchTests.swift */ = {isa = PBXFileReference; lastKnownFileType = sourcecode.swift; path = FocusFarmSwiftUIUITestsLaunchTests.swift; sourceTree = "<group>"; };
/* End PBXFileReference section */

/* Begin PBXFrameworksBuildPhase section */
		5303E39C2AFADF6100C5B254 /* Frameworks */ = {
			isa = PBXFrameworksBuildPhase;
			buildActionMask = 2147483647;
			files = (
			);
			runOnlyForDeploymentPostprocessing = 0;
		};
		5303E3AC2AFADF6200C5B254 /* Frameworks */ = {
			isa = PBXFrameworksBuildPhase;
			buildActionMask = 2147483647;
			files = (
			);
			runOnlyForDeploymentPostprocessing = 0;
		};
		5303E3B62AFADF6200C5B254 /* Frameworks */ = {
			isa = PBXFrameworksBuildPhase;
			buildActionMask = 2147483647;
			files = (
			);
			runOnlyForDeploymentPostprocessing = 0;
		};
/* End PBXFrameworksBuildPhase section */

/* Begin PBXGroup section */
		5303E3962AFADF6100C5B254 = {
			isa = PBXGroup;
			children = (
				5303E3A12AFADF6100C5B254 /* FocusFarmSwiftUI */,
				5303E3B22AFADF6200C5B254 /* FocusFarmSwiftUITests */,
				5303E3BC2AFADF6200C5B254 /* FocusFarmSwiftUIUITests */,
				5303E3A02AFADF6100C5B254 /* Products */,
			);
			sourceTree = "<group>";
		};
		5303E3A02AFADF6100C5B254 /* Products */ = {
			isa = PBXGroup;
			children = (
				5303E39F2AFADF6100C5B254 /* FocusFarmSwiftUI.app */,
				5303E3AF2AFADF6200C5B254 /* FocusFarmSwiftUITests.xctest */,
				5303E3B92AFADF6200C5B254 /* FocusFarmSwiftUIUITests.xctest */,
			);
			name = Products;
			sourceTree = "<group>";
		};
		5303E3A12AFADF6100C5B254 /* FocusFarmSwiftUI */ = {
			isa = PBXGroup;
			children = (
				5303E3A22AFADF6100C5B254 /* FocusFarmSwiftUIApp.swift */,
				5303E3A42AFADF6100C5B254 /* ContentView.swift */,
				5303E3A62AFADF6200C5B254 /* Assets.xcassets */,
				5303E3A82AFADF6200C5B254 /* Preview Content */,
			);
			path = FocusFarmSwiftUI;
			sourceTree = "<group>";
		};
		5303E3A82AFADF6200C5B254 /* Preview Content */ = {
			isa = PBXGroup;
			children = (
				5303E3A92AFADF6200C5B254 /* Preview Assets.xcassets */,
			);
			path = "Preview Content";
			sourceTree = "<group>";
		};
		5303E3B22AFADF6200C5B254 /* FocusFarmSwiftUITests */ = {
			isa = PBXGroup;
			children = (
				5303E3B32AFADF6200C5B254 /* FocusFarmSwiftUITests.swift */,
			);
			path = FocusFarmSwiftUITests;
			sourceTree = "<group>";
		};
		5303E3BC2AFADF6200C5B254 /* FocusFarmSwiftUIUITests */ = {
			isa = PBXGroup;
			children = (
				5303E3BD2AFADF6200C5B254 /* FocusFarmSwiftUIUITests.swift */,
				5303E3BF2AFADF6200C5B254 /* FocusFarmSwiftUIUITestsLaunchTests.swift */,
			);
			path = FocusFarmSwiftUIUITests;
			sourceTree = "<group>";
		};
/* End PBXGroup section */

/* Begin PBXNativeTarget section */
		5303E39E2AFADF6100C5B254 /* FocusFarmSwiftUI */ = {
			isa = PBXNativeTarget;
			buildConfigurationList = 5303E3C32AFADF6200C5B254 /* Build configuration list for PBXNativeTarget "FocusFarmSwiftUI" */;
			buildPhases = (
				5303E39B2AFADF6100C5B254 /* Sources */,
				5303E39C2AFADF6100C5B254 /* Frameworks */,
				5303E39D2AFADF6100C5B254 /* Resources */,
			);
			buildRules = (
			);
			dependencies = (
			);
			name = FocusFarmSwiftUI;
			productName = FocusFarmSwiftUI;
			productReference = 5303E39F2AFADF6100C5B254 /* FocusFarmSwiftUI.app */;
			productType = "com.apple.product-type.application";
		};
		5303E3AE2AFADF6200C5B254 /* FocusFarmSwiftUITests */ = {
			isa = PBXNativeTarget;
			buildConfigurationList = 5303E3C62AFADF6200C5B254 /* Build configuration list for PBXNativeTarget "FocusFarmSwiftUITests" */;
			buildPhases = (
				5303E3AB2AFADF6200C5B254 /* Sources */,
				5303E3AC2AFADF6200C5B254 /* Frameworks */,
				5303E3AD2AFADF6200C5B254 /* Resources */,
			);
			buildRules = (
			);
			dependencies = (
				5303E3B12AFADF6200C5B254 /* PBXTargetDependency */,
			);
			name = FocusFarmSwiftUITests;
			productName = FocusFarmSwiftUITests;
			productReference = 5303E3AF2AFADF6200C5B254 /* FocusFarmSwiftUITests.xctest */;
			productType = "com.apple.product-type.bundle.unit-test";
		};
		5303E3B82AFADF6200C5B254 /* FocusFarmSwiftUIUITests */ = {
			isa = PBXNativeTarget;
			buildConfigurationList = 5303E3C92AFADF6200C5B254 /* Build configuration list for PBXNativeTarget "FocusFarmSwiftUIUITests" */;
			buildPhases = (
				5303E3B52AFADF6200C5B254 /* Sources */,
				5303E3B62AFADF6200C5B254 /* Frameworks */,
				5303E3B72AFADF6200C5B254 /* Resources */,
			);
			buildRules = (
			);
			dependencies = (
				5303E3BB2AFADF6200C5B254 /* PBXTargetDependency */,
			);
			name = FocusFarmSwiftUIUITests;
			productName = FocusFarmSwiftUIUITests;
			productReference = 5303E3B92AFADF6200C5B254 /* FocusFarmSwiftUIUITests.xctest */;
			productType = "com.apple.product-type.bundle.ui-testing";
		};
/* End PBXNativeTarget section */

/* Begin PBXProject section */
		5303E3972AFADF6100C5B254 /* Project object */ = {
			isa = PBXProject;
			attributes = {
				BuildIndependentTargetsInParallel = 1;
				LastSwiftUpdateCheck = 1430;
				LastUpgradeCheck = 1430;
				TargetAttributes = {
					5303E39E2AFADF6100C5B254 = {
						CreatedOnToolsVersion = 14.3.1;
					};
					5303E3AE2AFADF6200C5B254 = {
						CreatedOnToolsVersion = 14.3.1;
						TestTargetID = 5303E39E2AFADF6100C5B254;
					};
					5303E3B82AFADF6200C5B254 = {
						CreatedOnToolsVersion = 14.3.1;
						TestTargetID = 5303E39E2AFADF6100C5B254;
					};
				};
			};
			buildConfigurationList = 5303E39A2AFADF6100C5B254 /* Build configuration list for PBXProject "FocusFarmSwiftUI" */;
			compatibilityVersion = "Xcode 14.0";
			developmentRegion = en;
			hasScannedForEncodings = 0;
			knownRegions = (
				en,
				Base,
			);
			mainGroup = 5303E3962AFADF6100C5B254;
			productRefGroup = 5303E3A02AFADF6100C5B254 /* Products */;
			projectDirPath = "";
			projectRoot = "";
			targets = (
				5303E39E2AFADF6100C5B254 /* FocusFarmSwiftUI */,
				5303E3AE2AFADF6200C5B254 /* FocusFarmSwiftUITests */,
				5303E3B82AFADF6200C5B254 /* FocusFarmSwiftUIUITests */,
			);
		};
/* End PBXProject section */

/* Begin PBXResourcesBuildPhase section */
		5303E39D2AFADF6100C5B254 /* Resources */ = {
			isa = PBXResourcesBuildPhase;
			buildActionMask = 2147483647;
			files = (
				5303E3AA2AFADF6200C5B254 /* Preview Assets.xcassets in Resources */,
				5303E3A72AFADF6200C5B254 /* Assets.xcassets in Resources */,
			);
			runOnlyForDeploymentPostprocessing = 0;
		};
		5303E3AD2AFADF6200C5B254 /* Resources */ = {
			isa = PBXResourcesBuildPhase;
			buildActionMask = 2147483647;
			files = (
			);
			runOnlyForDeploymentPostprocessing = 0;
		};
		5303E3B72AFADF6200C5B254 /* Resources */ = {
			isa = PBXResourcesBuildPhase;
			buildActionMask = 2147483647;
			files = (
			);
			runOnlyForDeploymentPostprocessing = 0;
		};
/* End PBXResourcesBuildPhase section */

/* Begin PBXSourcesBuildPhase section */
		5303E39B2AFADF6100C5B254 /* Sources */ = {
			isa = PBXSourcesBuildPhase;
			buildActionMask = 2147483647;
			files = (
				5303E3A52AFADF6100C5B254 /* ContentView.swift in Sources */,
				5303E3A32AFADF6100C5B254 /* FocusFarmSwiftUIApp.swift in Sources */,
			);
			runOnlyForDeploymentPostprocessing = 0;
		};
		5303E3AB2AFADF6200C5B254 /* Sources */ = {
			isa = PBXSourcesBuildPhase;
			buildActionMask = 2147483647;
			files = (
				5303E3B42AFADF6200C5B254 /* FocusFarmSwiftUITests.swift in Sources */,
			);
			runOnlyForDeploymentPostprocessing = 0;
		};
		5303E3B52AFADF6200C5B254 /* Sources */ = {
			isa = PBXSourcesBuildPhase;
			buildActionMask = 2147483647;
			files = (
				5303E3BE2AFADF6200C5B254 /* FocusFarmSwiftUIUITests.swift in Sources */,
				5303E3C02AFADF6200C5B254 /* FocusFarmSwiftUIUITestsLaunchTests.swift in Sources */,
			);
			runOnlyForDeploymentPostprocessing = 0;
		};
/* End PBXSourcesBuildPhase section */

/* Begin PBXTargetDependency section */
		5303E3B12AFADF6200C5B254 /* PBXTargetDependency */ = {
			isa = PBXTargetDependency;
			target = 5303E39E2AFADF6100C5B254 /* FocusFarmSwiftUI */;
			targetProxy = 5303E3B02AFADF6200C5B254 /* PBXContainerItemProxy */;
		};
		5303E3BB2AFADF6200C5B254 /* PBXTargetDependency */ = {
			isa = PBXTargetDependency;
			target = 5303E39E2AFADF6100C5B254 /* FocusFarmSwiftUI */;
			targetProxy = 5303E3BA2AFADF6200C5B254 /* PBXContainerItemProxy */;
		};
/* End PBXTargetDependency section */

/* Begin XCBuildConfiguration section */
		5303E3C12AFADF6200C5B254 /* Debug */ = {
			isa = XCBuildConfiguration;
			buildSettings = {
				ALWAYS_SEARCH_USER_PATHS = NO;
				CLANG_ANALYZER_NONNULL = YES;
				CLANG_ANALYZER_NUMBER_OBJECT_CONVERSION = YES_AGGRESSIVE;
				CLANG_CXX_LANGUAGE_STANDARD = "gnu++20";
				CLANG_ENABLE_MODULES = YES;
				CLANG_ENABLE_OBJC_ARC = YES;
				CLANG_ENABLE_OBJC_WEAK = YES;
				CLANG_WARN_BLOCK_CAPTURE_AUTORELEASING = YES;
				CLANG_WARN_BOOL_CONVERSION = YES;
				CLANG_WARN_COMMA = YES;
				CLANG_WARN_CONSTANT_CONVERSION = YES;
				CLANG_WARN_DEPRECATED_OBJC_IMPLEMENTATIONS = YES;
				CLANG_WARN_DIRECT_OBJC_ISA_USAGE = YES_ERROR;
				CLANG_WARN_DOCUMENTATION_COMMENTS = YES;
				CLANG_WARN_EMPTY_BODY = YES;
				CLANG_WARN_ENUM_CONVERSION = YES;
				CLANG_WARN_INFINITE_RECURSION = YES;
				CLANG_WARN_INT_CONVERSION = YES;
				CLANG_WARN_NON_LITERAL_NULL_CONVERSION = YES;
				CLANG_WARN_OBJC_IMPLICIT_RETAIN_SELF = YES;
				CLANG_WARN_OBJC_LITERAL_CONVERSION = YES;
				CLANG_WARN_OBJC_ROOT_CLASS = YES_ERROR;
				CLANG_WARN_QUOTED_INCLUDE_IN_FRAMEWORK_HEADER = YES;
				CLANG_WARN_RANGE_LOOP_ANALYSIS = YES;
				CLANG_WARN_STRICT_PROTOTYPES = YES;
				CLANG_WARN_SUSPICIOUS_MOVE = YES;
				CLANG_WARN_UNGUARDED_AVAILABILITY = YES_AGGRESSIVE;
				CLANG_WARN_UNREACHABLE_CODE = YES;
				CLANG_WARN__DUPLICATE_METHOD_MATCH = YES;
				COPY_PHASE_STRIP = NO;
				DEBUG_INFORMATION_FORMAT = dwarf;
				ENABLE_STRICT_OBJC_MSGSEND = YES;
				ENABLE_TESTABILITY = YES;
				GCC_C_LANGUAGE_STANDARD = gnu11;
				GCC_DYNAMIC_NO_PIC = NO;
				GCC_NO_COMMON_BLOCKS = YES;
				GCC_OPTIMIZATION_LEVEL = 0;
				GCC_PREPROCESSOR_DEFINITIONS = (
					"DEBUG=1",
					"$(inherited)",
				);
				GCC_WARN_64_TO_32_BIT_CONVERSION = YES;
				GCC_WARN_ABOUT_RETURN_TYPE = YES_ERROR;
				GCC_WARN_UNDECLARED_SELECTOR = YES;
				GCC_WARN_UNINITIALIZED_AUTOS = YES_AGGRESSIVE;
				GCC_WARN_UNUSED_FUNCTION = YES;
				GCC_WARN_UNUSED_VARIABLE = YES;
				IPHONEOS_DEPLOYMENT_TARGET = 16.4;
				MTL_ENABLE_DEBUG_INFO = INCLUDE_SOURCE;
				MTL_FAST_MATH = YES;
				ONLY_ACTIVE_ARCH = YES;
				SDKROOT = iphoneos;
				SWIFT_ACTIVE_COMPILATION_CONDITIONS = DEBUG;
				SWIFT_OPTIMIZATION_LEVEL = "-Onone";
			};
			name = Debug;
		};
		5303E3C22AFADF6200C5B254 /* Release */ = {
			isa = XCBuildConfiguration;
			buildSettings = {
				ALWAYS_SEARCH_USER_PATHS = NO;
				CLANG_ANALYZER_NONNULL = YES;
				CLANG_ANALYZER_NUMBER_OBJECT_CONVERSION = YES_AGGRESSIVE;
				CLANG_CXX_LANGUAGE_STANDARD = "gnu++20";
				CLANG_ENABLE_MODULES = YES;
				CLANG_ENABLE_OBJC_ARC = YES;
				CLANG_ENABLE_OBJC_WEAK = YES;
				CLANG_WARN_BLOCK_CAPTURE_AUTORELEASING = YES;
				CLANG_WARN_BOOL_CONVERSION = YES;
				CLANG_WARN_COMMA = YES;
				CLANG_WARN_CONSTANT_CONVERSION = YES;
				CLANG_WARN_DEPRECATED_OBJC_IMPLEMENTATIONS = YES;
				CLANG_WARN_DIRECT_OBJC_ISA_USAGE = YES_ERROR;
				CLANG_WARN_DOCUMENTATION_COMMENTS = YES;
				CLANG_WARN_EMPTY_BODY = YES;
				CLANG_WARN_ENUM_CONVERSION = YES;
				CLANG_WARN_INFINITE_RECURSION = YES;
				CLANG_WARN_INT_CONVERSION = YES;
				CLANG_WARN_NON_LITERAL_NULL_CONVERSION = YES;
				CLANG_WARN_OBJC_IMPLICIT_RETAIN_SELF = YES;
				CLANG_WARN_OBJC_LITERAL_CONVERSION = YES;
				CLANG_WARN_OBJC_ROOT_CLASS = YES_ERROR;
				CLANG_WARN_QUOTED_INCLUDE_IN_FRAMEWORK_HEADER = YES;
				CLANG_WARN_RANGE_LOOP_ANALYSIS = YES;
				CLANG_WARN_STRICT_PROTOTYPES = YES;
				CLANG_WARN_SUSPICIOUS_MOVE = YES;
				CLANG_WARN_UNGUARDED_AVAILABILITY = YES_AGGRESSIVE;
				CLANG_WARN_UNREACHABLE_CODE = YES;
				CLANG_WARN__DUPLICATE_METHOD_MATCH = YES;
				COPY_PHASE_STRIP = NO;
				DEBUG_INFORMATION_FORMAT = "dwarf-with-dsym";
				ENABLE_NS_ASSERTIONS = NO;
				ENABLE_STRICT_OBJC_MSGSEND = YES;
				GCC_C_LANGUAGE_STANDARD = gnu11;
				GCC_NO_COMMON_BLOCKS = YES;
				GCC_WARN_64_TO_32_BIT_CONVERSION = YES;
				GCC_WARN_ABOUT_RETURN_TYPE = YES_ERROR;
				GCC_WARN_UNDECLARED_SELECTOR = YES;
				GCC_WARN_UNINITIALIZED_AUTOS = YES_AGGRESSIVE;
				GCC_WARN_UNUSED_FUNCTION = YES;
				GCC_WARN_UNUSED_VARIABLE = YES;
				IPHONEOS_DEPLOYMENT_TARGET = 16.4;
				MTL_ENABLE_DEBUG_INFO = NO;
				MTL_FAST_MATH = YES;
				SDKROOT = iphoneos;
				SWIFT_COMPILATION_MODE = wholemodule;
				SWIFT_OPTIMIZATION_LEVEL = "-O";
				VALIDATE_PRODUCT = YES;
			};
			name = Release;
		};
		5303E3C42AFADF6200C5B254 /* Debug */ = {
			isa = XCBuildConfiguration;
			buildSettings = {
				ASSETCATALOG_COMPILER_APPICON_NAME = AppIcon;
				ASSETCATALOG_COMPILER_GLOBAL_ACCENT_COLOR_NAME = AccentColor;
				CODE_SIGN_STYLE = Automatic;
				CURRENT_PROJECT_VERSION = 1;
				DEVELOPMENT_ASSET_PATHS = "\"FocusFarmSwiftUI/Preview Content\"";
				ENABLE_PREVIEWS = YES;
				GENERATE_INFOPLIST_FILE = YES;
				INFOPLIST_KEY_UIApplicationSceneManifest_Generation = YES;
				INFOPLIST_KEY_UIApplicationSupportsIndirectInputEvents = YES;
				INFOPLIST_KEY_UILaunchScreen_Generation = YES;
				INFOPLIST_KEY_UISupportedInterfaceOrientations_iPad = "UIInterfaceOrientationPortrait UIInterfaceOrientationPortraitUpsideDown UIInterfaceOrientationLandscapeLeft UIInterfaceOrientationLandscapeRight";
				INFOPLIST_KEY_UISupportedInterfaceOrientations_iPhone = "UIInterfaceOrientationPortrait UIInterfaceOrientationLandscapeLeft UIInterfaceOrientationLandscapeRight";
				LD_RUNPATH_SEARCH_PATHS = (
					"$(inherited)",
					"@executable_path/Frameworks",
				);
				MARKETING_VERSION = 1.0;
				PRODUCT_BUNDLE_IDENTIFIER = JacobMartinage.FocusFarmSwiftUI;
				PRODUCT_NAME = "$(TARGET_NAME)";
				SWIFT_EMIT_LOC_STRINGS = YES;
				SWIFT_VERSION = 5.0;
				TARGETED_DEVICE_FAMILY = "1,2";
			};
			name = Debug;
		};
		5303E3C52AFADF6200C5B254 /* Release */ = {
			isa = XCBuildConfiguration;
			buildSettings = {
				ASSETCATALOG_COMPILER_APPICON_NAME = AppIcon;
				ASSETCATALOG_COMPILER_GLOBAL_ACCENT_COLOR_NAME = AccentColor;
				CODE_SIGN_STYLE = Automatic;
				CURRENT_PROJECT_VERSION = 1;
				DEVELOPMENT_ASSET_PATHS = "\"FocusFarmSwiftUI/Preview Content\"";
				ENABLE_PREVIEWS = YES;
				GENERATE_INFOPLIST_FILE = YES;
				INFOPLIST_KEY_UIApplicationSceneManifest_Generation = YES;
				INFOPLIST_KEY_UIApplicationSupportsIndirectInputEvents = YES;
				INFOPLIST_KEY_UILaunchScreen_Generation = YES;
				INFOPLIST_KEY_UISupportedInterfaceOrientations_iPad = "UIInterfaceOrientationPortrait UIInterfaceOrientationPortraitUpsideDown UIInterfaceOrientationLandscapeLeft UIInterfaceOrientationLandscapeRight";
				INFOPLIST_KEY_UISupportedInterfaceOrientations_iPhone = "UIInterfaceOrientationPortrait UIInterfaceOrientationLandscapeLeft UIInterfaceOrientationLandscapeRight";
				LD_RUNPATH_SEARCH_PATHS = (
					"$(inherited)",
					"@executable_path/Frameworks",
				);
				MARKETING_VERSION = 1.0;
				PRODUCT_BUNDLE_IDENTIFIER = JacobMartinage.FocusFarmSwiftUI;
				PRODUCT_NAME = "$(TARGET_NAME)";
				SWIFT_EMIT_LOC_STRINGS = YES;
				SWIFT_VERSION = 5.0;
				TARGETED_DEVICE_FAMILY = "1,2";
			};
			name = Release;
		};
		5303E3C72AFADF6200C5B254 /* Debug */ = {
			isa = XCBuildConfiguration;
			buildSettings = {
				ALWAYS_EMBED_SWIFT_STANDARD_LIBRARIES = YES;
				BUNDLE_LOADER = "$(TEST_HOST)";
				CODE_SIGN_STYLE = Automatic;
				CURRENT_PROJECT_VERSION = 1;
				GENERATE_INFOPLIST_FILE = YES;
				IPHONEOS_DEPLOYMENT_TARGET = 16.4;
				MARKETING_VERSION = 1.0;
				PRODUCT_BUNDLE_IDENTIFIER = JacobMartinage.FocusFarmSwiftUITests;
				PRODUCT_NAME = "$(TARGET_NAME)";
				SWIFT_EMIT_LOC_STRINGS = NO;
				SWIFT_VERSION = 5.0;
				TARGETED_DEVICE_FAMILY = "1,2";
				TEST_HOST = "$(BUILT_PRODUCTS_DIR)/FocusFarmSwiftUI.app/$(BUNDLE_EXECUTABLE_FOLDER_PATH)/FocusFarmSwiftUI";
			};
			name = Debug;
		};
		5303E3C82AFADF6200C5B254 /* Release */ = {
			isa = XCBuildConfiguration;
			buildSettings = {
				ALWAYS_EMBED_SWIFT_STANDARD_LIBRARIES = YES;
				BUNDLE_LOADER = "$(TEST_HOST)";
				CODE_SIGN_STYLE = Automatic;
				CURRENT_PROJECT_VERSION = 1;
				GENERATE_INFOPLIST_FILE = YES;
				IPHONEOS_DEPLOYMENT_TARGET = 16.4;
				MARKETING_VERSION = 1.0;
				PRODUCT_BUNDLE_IDENTIFIER = JacobMartinage.FocusFarmSwiftUITests;
				PRODUCT_NAME = "$(TARGET_NAME)";
				SWIFT_EMIT_LOC_STRINGS = NO;
				SWIFT_VERSION = 5.0;
				TARGETED_DEVICE_FAMILY = "1,2";
				TEST_HOST = "$(BUILT_PRODUCTS_DIR)/FocusFarmSwiftUI.app/$(BUNDLE_EXECUTABLE_FOLDER_PATH)/FocusFarmSwiftUI";
			};
			name = Release;
		};
		5303E3CA2AFADF6200C5B254 /* Debug */ = {
			isa = XCBuildConfiguration;
			buildSettings = {
				ALWAYS_EMBED_SWIFT_STANDARD_LIBRARIES = YES;
				CODE_SIGN_STYLE = Automatic;
				CURRENT_PROJECT_VERSION = 1;
				GENERATE_INFOPLIST_FILE = YES;
				MARKETING_VERSION = 1.0;
				PRODUCT_BUNDLE_IDENTIFIER = JacobMartinage.FocusFarmSwiftUIUITests;
				PRODUCT_NAME = "$(TARGET_NAME)";
				SWIFT_EMIT_LOC_STRINGS = NO;
				SWIFT_VERSION = 5.0;
				TARGETED_DEVICE_FAMILY = "1,2";
				TEST_TARGET_NAME = FocusFarmSwiftUI;
			};
			name = Debug;
		};
		5303E3CB2AFADF6200C5B254 /* Release */ = {
			isa = XCBuildConfiguration;
			buildSettings = {
				ALWAYS_EMBED_SWIFT_STANDARD_LIBRARIES = YES;
				CODE_SIGN_STYLE = Automatic;
				CURRENT_PROJECT_VERSION = 1;
				GENERATE_INFOPLIST_FILE = YES;
				MARKETING_VERSION = 1.0;
				PRODUCT_BUNDLE_IDENTIFIER = JacobMartinage.FocusFarmSwiftUIUITests;
				PRODUCT_NAME = "$(TARGET_NAME)";
				SWIFT_EMIT_LOC_STRINGS = NO;
				SWIFT_VERSION = 5.0;
				TARGETED_DEVICE_FAMILY = "1,2";
				TEST_TARGET_NAME = FocusFarmSwiftUI;
			};
			name = Release;
		};
/* End XCBuildConfiguration section */

/* Begin XCConfigurationList section */
		5303E39A2AFADF6100C5B254 /* Build configuration list for PBXProject "FocusFarmSwiftUI" */ = {
			isa = XCConfigurationList;
			buildConfigurations = (
				5303E3C12AFADF6200C5B254 /* Debug */,
				5303E3C22AFADF6200C5B254 /* Release */,
			);
			defaultConfigurationIsVisible = 0;
			defaultConfigurationName = Release;
		};
		5303E3C32AFADF6200C5B254 /* Build configuration list for PBXNativeTarget "FocusFarmSwiftUI" */ = {
			isa = XCConfigurationList;
			buildConfigurations = (
				5303E3C42AFADF6200C5B254 /* Debug */,
				5303E3C52AFADF6200C5B254 /* Release */,
			);
			defaultConfigurationIsVisible = 0;
			defaultConfigurationName = Release;
		};
		5303E3C62AFADF6200C5B254 /* Build configuration list for PBXNativeTarget "FocusFarmSwiftUITests" */ = {
			isa = XCConfigurationList;
			buildConfigurations = (
				5303E3C72AFADF6200C5B254 /* Debug */,
				5303E3C82AFADF6200C5B254 /* Release */,
			);
			defaultConfigurationIsVisible = 0;
			defaultConfigurationName = Release;
		};
		5303E3C92AFADF6200C5B254 /* Build configuration list for PBXNativeTarget "FocusFarmSwiftUIUITests" */ = {
			isa = XCConfigurationList;
			buildConfigurations = (
				5303E3CA2AFADF6200C5B254 /* Debug */,
				5303E3CB2AFADF6200C5B254 /* Release */,
			);
			defaultConfigurationIsVisible = 0;
			defaultConfigurationName = Release;
		};
/* End XCConfigurationList section */
	};
	rootObject = 5303E3972AFADF6100C5B254 /* Project object */;
}
